
Microsoft Visual Studio Solution File, Format Version 12.00
# Visual Studio Version 17
VisualStudioVersion = 17.13.35931.197 d17.13
MinimumVisualStudioVersion = 10.0.40219.1
Project("{FAE04EC0-301F-11D3-BF4B-00C04F79EFBC}") = "Presentacion", "Presentacion\Presentacion.csproj", "{5DEE5D46-D6ED-4AA3-A006-5EF2ADD2A6A7}"
EndProject
Project("{FAE04EC0-301F-11D3-BF4B-00C04F79EFBC}") = "AccesoDatos", "AccesoDatos\AccesoDatos.csproj", "{6BB3311C-B91D-457F-A998-3C6824B42FD3}"
EndProject
Project("{FAE04EC0-301F-11D3-BF4B-00C04F79EFBC}") = "LogicaNegocio", "LogicaNegocio\LogicaNegocio.csproj", "{C0596756-DD89-4D8B-B9A4-2CB630E2F869}"
EndProject
Global
	GlobalSection(SolutionConfigurationPlatforms) = preSolution
		Debug|Any CPU = Debug|Any CPU
		Release|Any CPU = Release|Any CPU
	EndGlobalSection
	GlobalSection(ProjectConfigurationPlatforms) = postSolution
		{5DEE5D46-D6ED-4AA3-A006-5EF2ADD2A6A7}.Debug|Any CPU.ActiveCfg = Debug|Any CPU
		{5DEE5D46-D6ED-4AA3-A006-5EF2ADD2A6A7}.Debug|Any CPU.Build.0 = Debug|Any CPU
		{5DEE5D46-D6ED-4AA3-A006-5EF2ADD2A6A7}.Release|Any CPU.ActiveCfg = Release|Any CPU
		{5DEE5D46-D6ED-4AA3-A006-5EF2ADD2A6A7}.Release|Any CPU.Build.0 = Release|Any CPU
		{6BB3311C-B91D-457F-A998-3C6824B42FD3}.Debug|Any CPU.ActiveCfg = Debug|Any CPU
		{6BB3311C-B91D-457F-A998-3C6824B42FD3}.Debug|Any CPU.Build.0 = Debug|Any CPU
		{6BB3311C-B91D-457F-A998-3C6824B42FD3}.Release|Any CPU.ActiveCfg = Release|Any CPU
		{6BB3311C-B91D-457F-A998-3C6824B42FD3}.Release|Any CPU.Build.0 = Release|Any CPU
		{C0596756-DD89-4D8B-B9A4-2CB630E2F869}.Debug|Any CPU.ActiveCfg = Debug|Any CPU
		{C0596756-DD89-4D8B-B9A4-2CB630E2F869}.Debug|Any CPU.Build.0 = Debug|Any CPU
		{C0596756-DD89-4D8B-B9A4-2CB630E2F869}.Release|Any CPU.ActiveCfg = Release|Any CPU
		{C0596756-DD89-4D8B-B9A4-2CB630E2F869}.Release|Any CPU.Build.0 = Release|Any CPU
	EndGlobalSection
	GlobalSection(SolutionProperties) = preSolution
		HideSolutionNode = FALSE
	EndGlobalSection
	GlobalSection(ExtensibilityGlobals) = postSolution
		SolutionGuid = {49A70A75-0FA2-49AD-8678-0387E5B4649E}
	EndGlobalSection
EndGlobal
